
Microsoft Visual Studio Solution File, Format Version 12.00
# Visual Studio Version 17
VisualStudioVersion = 17.5.002.0
MinimumVisualStudioVersion = 10.0.40219.1
Project("{9A19103F-16F7-4668-BE54-9A1E7A4F7556}") = "PI-003", "PI-003.csproj", "{57B7C75F-C753-434A-A470-6074C307D29D}"
EndProject
Global
	GlobalSection(SolutionConfigurationPlatforms) = preSolution
		Debug|Any CPU = Debug|Any CPU
		Release|Any CPU = Release|Any CPU
	EndGlobalSection
	GlobalSection(ProjectConfigurationPlatforms) = postSolution
		{57B7C75F-C753-434A-A470-6074C307D29D}.Debug|Any CPU.ActiveCfg = Debug|Any CPU
		{57B7C75F-C753-434A-A470-6074C307D29D}.Debug|Any CPU.Build.0 = Debug|Any CPU
		{57B7C75F-C753-434A-A470-6074C307D29D}.Release|Any CPU.ActiveCfg = Release|Any CPU
		{57B7C75F-C753-434A-A470-6074C307D29D}.Release|Any CPU.Build.0 = Release|Any CPU
	EndGlobalSection
	GlobalSection(SolutionProperties) = preSolution
		HideSolutionNode = FALSE
	EndGlobalSection
	GlobalSection(ExtensibilityGlobals) = postSolution
		SolutionGuid = {1FFF3028-AAC9-47C4-9888-CCC0ABC0416B}
	EndGlobalSection
EndGlobal
